
Microsoft Visual Studio Solution File, Format Version 12.00
# Visual Studio Version 16
VisualStudioVersion = 16.0.32126.315
MinimumVisualStudioVersion = 10.0.40219.1
Project("{FAE04EC0-301F-11D3-BF4B-00C04F79EFBC}") = "Mapper", "Mapper\Mapper.csproj", "{1C0EF39B-C533-41C9-BF84-DC85B9108B20}"
EndProject
Global
	GlobalSection(SolutionConfigurationPlatforms) = preSolution
		Debug|Any CPU = Debug|Any CPU
		Release|Any CPU = Release|Any CPU
	EndGlobalSection
	GlobalSection(ProjectConfigurationPlatforms) = postSolution
		{1C0EF39B-C533-41C9-BF84-DC85B9108B20}.Debug|Any CPU.ActiveCfg = Debug|Any CPU
		{1C0EF39B-C533-41C9-BF84-DC85B9108B20}.Debug|Any CPU.Build.0 = Debug|Any CPU
		{1C0EF39B-C533-41C9-BF84-DC85B9108B20}.Release|Any CPU.ActiveCfg = Release|Any CPU
		{1C0EF39B-C533-41C9-BF84-DC85B9108B20}.Release|Any CPU.Build.0 = Release|Any CPU
	EndGlobalSection
	GlobalSection(SolutionProperties) = preSolution
		HideSolutionNode = FALSE
	EndGlobalSection
	GlobalSection(ExtensibilityGlobals) = postSolution
		SolutionGuid = {19480FD4-DDBD-4159-8484-8714E6FC17C4}
	EndGlobalSection
EndGlobal
